
Microsoft Visual Studio Solution File, Format Version 12.00
# Visual Studio Version 17
VisualStudioVersion = 17.14.36511.14 d17.14
MinimumVisualStudioVersion = 10.0.40219.1
Project("{FAE04EC0-301F-11D3-BF4B-00C04F79EFBC}") = "dogs", "dogs.csproj", "{B919D46E-A7DC-E661-D5C5-E4E4BE1683E6}"
EndProject
Global
	GlobalSection(SolutionConfigurationPlatforms) = preSolution
		Debug|Any CPU = Debug|Any CPU
		Release|Any CPU = Release|Any CPU
	EndGlobalSection
	GlobalSection(ProjectConfigurationPlatforms) = postSolution
		{B919D46E-A7DC-E661-D5C5-E4E4BE1683E6}.Debug|Any CPU.ActiveCfg = Debug|Any CPU
		{B919D46E-A7DC-E661-D5C5-E4E4BE1683E6}.Debug|Any CPU.Build.0 = Debug|Any CPU
		{B919D46E-A7DC-E661-D5C5-E4E4BE1683E6}.Release|Any CPU.ActiveCfg = Release|Any CPU
		{B919D46E-A7DC-E661-D5C5-E4E4BE1683E6}.Release|Any CPU.Build.0 = Release|Any CPU
	EndGlobalSection
	GlobalSection(SolutionProperties) = preSolution
		HideSolutionNode = FALSE
	EndGlobalSection
	GlobalSection(ExtensibilityGlobals) = postSolution
		SolutionGuid = {06F0511A-031F-47F0-9059-6A957CF811E2}
	EndGlobalSection
EndGlobal
